
Microsoft Visual Studio Solution File, Format Version 12.00
# Visual Studio Version 17
VisualStudioVersion = 17.1.32210.238
MinimumVisualStudioVersion = 10.0.40219.1
Project("{FAE04EC0-301F-11D3-BF4B-00C04F79EFBC}") = "Tetris", "Tetris\Tetris.csproj", "{055C45D3-4C30-4702-BE94-C7336E6D5BDA}"
EndProject
Global
	GlobalSection(SolutionConfigurationPlatforms) = preSolution
		Debug|Any CPU = Debug|Any CPU
		Release|Any CPU = Release|Any CPU
	EndGlobalSection
	GlobalSection(ProjectConfigurationPlatforms) = postSolution
		{055C45D3-4C30-4702-BE94-C7336E6D5BDA}.Debug|Any CPU.ActiveCfg = Debug|Any CPU
		{055C45D3-4C30-4702-BE94-C7336E6D5BDA}.Debug|Any CPU.Build.0 = Debug|Any CPU
		{055C45D3-4C30-4702-BE94-C7336E6D5BDA}.Release|Any CPU.ActiveCfg = Release|Any CPU
		{055C45D3-4C30-4702-BE94-C7336E6D5BDA}.Release|Any CPU.Build.0 = Release|Any CPU
	EndGlobalSection
	GlobalSection(SolutionProperties) = preSolution
		HideSolutionNode = FALSE
	EndGlobalSection
	GlobalSection(ExtensibilityGlobals) = postSolution
		SolutionGuid = {D7263B2F-8893-4AD7-9FF3-474A2092CA81}
	EndGlobalSection
EndGlobal
